
Microsoft Visual Studio Solution File, Format Version 12.00
# Visual Studio Version 17
VisualStudioVersion = 17.7.34031.279
MinimumVisualStudioVersion = 10.0.40219.1
Project("{FAE04EC0-301F-11D3-BF4B-00C04F79EFBC}") = "pacman", "pacman.csproj", "{E2206EC1-6BC5-4CFF-9447-C429D17ED100}"
EndProject
Global
	GlobalSection(SolutionConfigurationPlatforms) = preSolution
		Debug|Any CPU = Debug|Any CPU
		Release|Any CPU = Release|Any CPU
	EndGlobalSection
	GlobalSection(ProjectConfigurationPlatforms) = postSolution
		{E2206EC1-6BC5-4CFF-9447-C429D17ED100}.Debug|Any CPU.ActiveCfg = Debug|Any CPU
		{E2206EC1-6BC5-4CFF-9447-C429D17ED100}.Debug|Any CPU.Build.0 = Debug|Any CPU
		{E2206EC1-6BC5-4CFF-9447-C429D17ED100}.Release|Any CPU.ActiveCfg = Release|Any CPU
		{E2206EC1-6BC5-4CFF-9447-C429D17ED100}.Release|Any CPU.Build.0 = Release|Any CPU
	EndGlobalSection
	GlobalSection(SolutionProperties) = preSolution
		HideSolutionNode = FALSE
	EndGlobalSection
	GlobalSection(ExtensibilityGlobals) = postSolution
		SolutionGuid = {B1289F47-168C-47D2-9D6B-77025D2AC6D5}
	EndGlobalSection
EndGlobal
